// !$*UTF8*$!
{
	archiveVersion = 1;
	classes = {
	};
	objectVersion = 50;
	objects = {

/* Begin PBXBuildFile section */
		038AB2F62363A346008EA02C /* AppDelegate.swift in Sources */ = {isa = PBXBuildFile; fileRef = 038AB2F52363A346008EA02C /* AppDelegate.swift */; };
		038AB2F82363A346008EA02C /* SceneDelegate.swift in Sources */ = {isa = PBXBuildFile; fileRef = 038AB2F72363A346008EA02C /* SceneDelegate.swift */; };
		038AB2FA2363A346008EA02C /* ContentView.swift in Sources */ = {isa = PBXBuildFile; fileRef = 038AB2F92363A346008EA02C /* ContentView.swift */; };
		038AB2FC2363A347008EA02C /* Assets.xcassets in Resources */ = {isa = PBXBuildFile; fileRef = 038AB2FB2363A347008EA02C /* Assets.xcassets */; };
		038AB2FF2363A347008EA02C /* Preview Assets.xcassets in Resources */ = {isa = PBXBuildFile; fileRef = 038AB2FE2363A347008EA02C /* Preview Assets.xcassets */; };
		038AB3022363A347008EA02C /* LaunchScreen.storyboard in Resources */ = {isa = PBXBuildFile; fileRef = 038AB3002363A347008EA02C /* LaunchScreen.storyboard */; };
		038AB30A2363A46D008EA02C /* data.json in Resources */ = {isa = PBXBuildFile; fileRef = 038AB3092363A46C008EA02C /* data.json */; };
/* End PBXBuildFile section */

/* Begin PBXFileReference section */
		038AB2F22363A346008EA02C /* Bangla Quora Cringe.app */ = {isa = PBXFileReference; explicitFileType = wrapper.application; includeInIndex = 0; path = "Bangla Quora Cringe.app"; sourceTree = BUILT_PRODUCTS_DIR; };
		038AB2F52363A346008EA02C /* AppDelegate.swift */ = {isa = PBXFileReference; lastKnownFileType = sourcecode.swift; path = AppDelegate.swift; sourceTree = "<group>"; };
		038AB2F72363A346008EA02C /* SceneDelegate.swift */ = {isa = PBXFileReference; lastKnownFileType = sourcecode.swift; path = SceneDelegate.swift; sourceTree = "<group>"; };
		038AB2F92363A346008EA02C /* ContentView.swift */ = {isa = PBXFileReference; lastKnownFileType = sourcecode.swift; path = ContentView.swift; sourceTree = "<group>"; };
		038AB2FB2363A347008EA02C /* Assets.xcassets */ = {isa = PBXFileReference; lastKnownFileType = folder.assetcatalog; path = Assets.xcassets; sourceTree = "<group>"; };
		038AB2FE2363A347008EA02C /* Preview Assets.xcassets */ = {isa = PBXFileReference; lastKnownFileType = folder.assetcatalog; path = "Preview Assets.xcassets"; sourceTree = "<group>"; };
		038AB3012363A347008EA02C /* Base */ = {isa = PBXFileReference; lastKnownFileType = file.storyboard; name = Base; path = Base.lproj/LaunchScreen.storyboard; sourceTree = "<group>"; };
		038AB3032363A347008EA02C /* Info.plist */ = {isa = PBXFileReference; lastKnownFileType = text.plist.xml; path = Info.plist; sourceTree = "<group>"; };
		038AB3092363A46C008EA02C /* data.json */ = {isa = PBXFileReference; fileEncoding = 4; lastKnownFileType = text.json; path = data.json; sourceTree = "<group>"; };
/* End PBXFileReference section */

/* Begin PBXFrameworksBuildPhase section */
		038AB2EF2363A345008EA02C /* Frameworks */ = {
			isa = PBXFrameworksBuildPhase;
			buildActionMask = 2147483647;
			files = (
			);
			runOnlyForDeploymentPostprocessing = 0;
		};
/* End PBXFrameworksBuildPhase section */

/* Begin PBXGroup section */
		038AB2E92363A345008EA02C = {
			isa = PBXGroup;
			children = (
				038AB2F42363A346008EA02C /* Bangla Quora Cringe */,
				038AB2F32363A346008EA02C /* Products */,
			);
			sourceTree = "<group>";
		};
		038AB2F32363A346008EA02C /* Products */ = {
			isa = PBXGroup;
			children = (
				038AB2F22363A346008EA02C /* Bangla Quora Cringe.app */,
			);
			name = Products;
			sourceTree = "<group>";
		};
		038AB2F42363A346008EA02C /* Bangla Quora Cringe */ = {
			isa = PBXGroup;
			children = (
				038AB2F52363A346008EA02C /* AppDelegate.swift */,
				038AB3092363A46C008EA02C /* data.json */,
				038AB2F72363A346008EA02C /* SceneDelegate.swift */,
				038AB2F92363A346008EA02C /* ContentView.swift */,
				038AB2FB2363A347008EA02C /* Assets.xcassets */,
				038AB3002363A347008EA02C /* LaunchScreen.storyboard */,
				038AB3032363A347008EA02C /* Info.plist */,
				038AB2FD2363A347008EA02C /* Preview Content */,
			);
			path = "Bangla Quora Cringe";
			sourceTree = "<group>";
		};
		038AB2FD2363A347008EA02C /* Preview Content */ = {
			isa = PBXGroup;
			children = (
				038AB2FE2363A347008EA02C /* Preview Assets.xcassets */,
			);
			path = "Preview Content";
			sourceTree = "<group>";
		};
/* End PBXGroup section */

/* Begin PBXNativeTarget section */
		038AB2F12363A345008EA02C /* Bangla Quora Cringe */ = {
			isa = PBXNativeTarget;
			buildConfigurationList = 038AB3062363A347008EA02C /* Build configuration list for PBXNativeTarget "Bangla Quora Cringe" */;
			buildPhases = (
				038AB2EE2363A345008EA02C /* Sources */,
				038AB2EF2363A345008EA02C /* Frameworks */,
				038AB2F02363A345008EA02C /* Resources */,
			);
			buildRules = (
			);
			dependencies = (
			);
			name = "Bangla Quora Cringe";
			productName = "Bangla Quora Cringe";
			productReference = 038AB2F22363A346008EA02C /* Bangla Quora Cringe.app */;
			productType = "com.apple.product-type.application";
		};
/* End PBXNativeTarget section */

/* Begin PBXProject section */
		038AB2EA2363A345008EA02C /* Project object */ = {
			isa = PBXProject;
			attributes = {
				LastSwiftUpdateCheck = 1110;
				LastUpgradeCheck = 1110;
				ORGANIZATIONNAME = "Shawon Ashraf";
				TargetAttributes = {
					038AB2F12363A345008EA02C = {
						CreatedOnToolsVersion = 11.1;
					};
				};
			};
			buildConfigurationList = 038AB2ED2363A345008EA02C /* Build configuration list for PBXProject "Bangla Quora Cringe" */;
			compatibilityVersion = "Xcode 9.3";
			developmentRegion = en;
			hasScannedForEncodings = 0;
			knownRegions = (
				en,
				Base,
			);
			mainGroup = 038AB2E92363A345008EA02C;
			productRefGroup = 038AB2F32363A346008EA02C /* Products */;
			projectDirPath = "";
			projectRoot = "";
			targets = (
				038AB2F12363A345008EA02C /* Bangla Quora Cringe */,
			);
		};
/* End PBXProject section */

/* Begin PBXResourcesBuildPhase section */
		038AB2F02363A345008EA02C /* Resources */ = {
			isa = PBXResourcesBuildPhase;
			buildActionMask = 2147483647;
			files = (
				038AB3022363A347008EA02C /* LaunchScreen.storyboard in Resources */,
				038AB2FF2363A347008EA02C /* Preview Assets.xcassets in Resources */,
				038AB2FC2363A347008EA02C /* Assets.xcassets in Resources */,
				038AB30A2363A46D008EA02C /* data.json in Resources */,
			);
			runOnlyForDeploymentPostprocessing = 0;
		};
/* End PBXResourcesBuildPhase section */

/* Begin PBXSourcesBuildPhase section */
		038AB2EE2363A345008EA02C /* Sources */ = {
			isa = PBXSourcesBuildPhase;
			buildActionMask = 2147483647;
			files = (
				038AB2F62363A346008EA02C /* AppDelegate.swift in Sources */,
				038AB2F82363A346008EA02C /* SceneDelegate.swift in Sources */,
				038AB2FA2363A346008EA02C /* ContentView.swift in Sources */,
			);
			runOnlyForDeploymentPostprocessing = 0;
		};
/* End PBXSourcesBuildPhase section */

/* Begin PBXVariantGroup section */
		038AB3002363A347008EA02C /* LaunchScreen.storyboard */ = {
			isa = PBXVariantGroup;
			children = (
				038AB3012363A347008EA02C /* Base */,
			);
			name = LaunchScreen.storyboard;
			sourceTree = "<group>";
		};
/* End PBXVariantGroup section */

/* Begin XCBuildConfiguration section */
		038AB3042363A347008EA02C /* Debug */ = {
			isa = XCBuildConfiguration;
			buildSettings = {
				ALWAYS_SEARCH_USER_PATHS = NO;
				CLANG_ANALYZER_NONNULL = YES;
				CLANG_ANALYZER_NUMBER_OBJECT_CONVERSION = YES_AGGRESSIVE;
				CLANG_CXX_LANGUAGE_STANDARD = "gnu++14";
				CLANG_CXX_LIBRARY = "libc++";
				CLANG_ENABLE_MODULES = YES;
				CLANG_ENABLE_OBJC_ARC = YES;
				CLANG_ENABLE_OBJC_WEAK = YES;
				CLANG_WARN_BLOCK_CAPTURE_AUTORELEASING = YES;
				CLANG_WARN_BOOL_CONVERSION = YES;
				CLANG_WARN_COMMA = YES;
				CLANG_WARN_CONSTANT_CONVERSION = YES;
				CLANG_WARN_DEPRECATED_OBJC_IMPLEMENTATIONS = YES;
				CLANG_WARN_DIRECT_OBJC_ISA_USAGE = YES_ERROR;
				CLANG_WARN_DOCUMENTATION_COMMENTS = YES;
				CLANG_WARN_EMPTY_BODY = YES;
				CLANG_WARN_ENUM_CONVERSION = YES;
				CLANG_WARN_INFINITE_RECURSION = YES;
				CLANG_WARN_INT_CONVERSION = YES;
				CLANG_WARN_NON_LITERAL_NULL_CONVERSION = YES;
				CLANG_WARN_OBJC_IMPLICIT_RETAIN_SELF = YES;
				CLANG_WARN_OBJC_LITERAL_CONVERSION = YES;
				CLANG_WARN_OBJC_ROOT_CLASS = YES_ERROR;
				CLANG_WARN_RANGE_LOOP_ANALYSIS = YES;
				CLANG_WARN_STRICT_PROTOTYPES = YES;
				CLANG_WARN_SUSPICIOUS_MOVE = YES;
				CLANG_WARN_UNGUARDED_AVAILABILITY = YES_AGGRESSIVE;
				CLANG_WARN_UNREACHABLE_CODE = YES;
				CLANG_WARN__DUPLICATE_METHOD_MATCH = YES;
				COPY_PHASE_STRIP = NO;
				DEBUG_INFORMATION_FORMAT = dwarf;
				ENABLE_STRICT_OBJC_MSGSEND = YES;
				ENABLE_TESTABILITY = YES;
				GCC_C_LANGUAGE_STANDARD = gnu11;
				GCC_DYNAMIC_NO_PIC = NO;
				GCC_NO_COMMON_BLOCKS = YES;
				GCC_OPTIMIZATION_LEVEL = 0;
				GCC_PREPROCESSOR_DEFINITIONS = (
					"DEBUG=1",
					"$(inherited)",
				);
				GCC_WARN_64_TO_32_BIT_CONVERSION = YES;
				GCC_WARN_ABOUT_RETURN_TYPE = YES_ERROR;
				GCC_WARN_UNDECLARED_SELECTOR = YES;
				GCC_WARN_UNINITIALIZED_AUTOS = YES_AGGRESSIVE;
				GCC_WARN_UNUSED_FUNCTION = YES;
				GCC_WARN_UNUSED_VARIABLE = YES;
				IPHONEOS_DEPLOYMENT_TARGET = 13.1;
				MTL_ENABLE_DEBUG_INFO = INCLUDE_SOURCE;
				MTL_FAST_MATH = YES;
				ONLY_ACTIVE_ARCH = YES;
				SDKROOT = iphoneos;
				SWIFT_ACTIVE_COMPILATION_CONDITIONS = DEBUG;
				SWIFT_OPTIMIZATION_LEVEL = "-Onone";
			};
			name = Debug;
		};
		038AB3052363A347008EA02C /* Release */ = {
			isa = XCBuildConfiguration;
			buildSettings = {
				ALWAYS_SEARCH_USER_PATHS = NO;
				CLANG_ANALYZER_NONNULL = YES;
				CLANG_ANALYZER_NUMBER_OBJECT_CONVERSION = YES_AGGRESSIVE;
				CLANG_CXX_LANGUAGE_STANDARD = "gnu++14";
				CLANG_CXX_LIBRARY = "libc++";
				CLANG_ENABLE_MODULES = YES;
				CLANG_ENABLE_OBJC_ARC = YES;
				CLANG_ENABLE_OBJC_WEAK = YES;
				CLANG_WARN_BLOCK_CAPTURE_AUTORELEASING = YES;
				CLANG_WARN_BOOL_CONVERSION = YES;
				CLANG_WARN_COMMA = YES;
				CLANG_WARN_CONSTANT_CONVERSION = YES;
				CLANG_WARN_DEPRECATED_OBJC_IMPLEMENTATIONS = YES;
				CLANG_WARN_DIRECT_OBJC_ISA_USAGE = YES_ERROR;
				CLANG_WARN_DOCUMENTATION_COMMENTS = YES;
				CLANG_WARN_EMPTY_BODY = YES;
				CLANG_WARN_ENUM_CONVERSION = YES;
				CLANG_WARN_INFINITE_RECURSION = YES;
				CLANG_WARN_INT_CONVERSION = YES;
				CLANG_WARN_NON_LITERAL_NULL_CONVERSION = YES;
				CLANG_WARN_OBJC_IMPLICIT_RETAIN_SELF = YES;
				CLANG_WARN_OBJC_LITERAL_CONVERSION = YES;
				CLANG_WARN_OBJC_ROOT_CLASS = YES_ERROR;
				CLANG_WARN_RANGE_LOOP_ANALYSIS = YES;
				CLANG_WARN_STRICT_PROTOTYPES = YES;
				CLANG_WARN_SUSPICIOUS_MOVE = YES;
				CLANG_WARN_UNGUARDED_AVAILABILITY = YES_AGGRESSIVE;
				CLANG_WARN_UNREACHABLE_CODE = YES;
				CLANG_WARN__DUPLICATE_METHOD_MATCH = YES;
				COPY_PHASE_STRIP = NO;
				DEBUG_INFORMATION_FORMAT = "dwarf-with-dsym";
				ENABLE_NS_ASSERTIONS = NO;
				ENABLE_STRICT_OBJC_MSGSEND = YES;
				GCC_C_LANGUAGE_STANDARD = gnu11;
				GCC_NO_COMMON_BLOCKS = YES;
				GCC_WARN_64_TO_32_BIT_CONVERSION = YES;
				GCC_WARN_ABOUT_RETURN_TYPE = YES_ERROR;
				GCC_WARN_UNDECLARED_SELECTOR = YES;
				GCC_WARN_UNINITIALIZED_AUTOS = YES_AGGRESSIVE;
				GCC_WARN_UNUSED_FUNCTION = YES;
				GCC_WARN_UNUSED_VARIABLE = YES;
				IPHONEOS_DEPLOYMENT_TARGET = 13.1;
				MTL_ENABLE_DEBUG_INFO = NO;
				MTL_FAST_MATH = YES;
				SDKROOT = iphoneos;
				SWIFT_COMPILATION_MODE = wholemodule;
				SWIFT_OPTIMIZATION_LEVEL = "-O";
				VALIDATE_PRODUCT = YES;
			};
			name = Release;
		};
		038AB3072363A347008EA02C /* Debug */ = {
			isa = XCBuildConfiguration;
			buildSettings = {
				ASSETCATALOG_COMPILER_APPICON_NAME = AppIcon;
				CODE_SIGN_STYLE = Automatic;
				DEVELOPMENT_ASSET_PATHS = "\"Bangla Quora Cringe/Preview Content\"";
				ENABLE_PREVIEWS = YES;
				INFOPLIST_FILE = "Bangla Quora Cringe/Info.plist";
				LD_RUNPATH_SEARCH_PATHS = (
					"$(inherited)",
					"@executable_path/Frameworks",
				);
				PRODUCT_BUNDLE_IDENTIFIER = "shawonashraf.Bangla-Quora-Cringe";
				PRODUCT_NAME = "$(TARGET_NAME)";
				SWIFT_VERSION = 5.0;
				TARGETED_DEVICE_FAMILY = "1,2";
			};
			name = Debug;
		};
		038AB3082363A347008EA02C /* Release */ = {
			isa = XCBuildConfiguration;
			buildSettings = {
				ASSETCATALOG_COMPILER_APPICON_NAME = AppIcon;
				CODE_SIGN_STYLE = Automatic;
				DEVELOPMENT_ASSET_PATHS = "\"Bangla Quora Cringe/Preview Content\"";
				ENABLE_PREVIEWS = YES;
				INFOPLIST_FILE = "Bangla Quora Cringe/Info.plist";
				LD_RUNPATH_SEARCH_PATHS = (
					"$(inherited)",
					"@executable_path/Frameworks",
				);
				PRODUCT_BUNDLE_IDENTIFIER = "shawonashraf.Bangla-Quora-Cringe";
				PRODUCT_NAME = "$(TARGET_NAME)";
				SWIFT_VERSION = 5.0;
				TARGETED_DEVICE_FAMILY = "1,2";
			};
			name = Release;
		};
/* End XCBuildConfiguration section */

/* Begin XCConfigurationList section */
		038AB2ED2363A345008EA02C /* Build configuration list for PBXProject "Bangla Quora Cringe" */ = {
			isa = XCConfigurationList;
			buildConfigurations = (
				038AB3042363A347008EA02C /* Debug */,
				038AB3052363A347008EA02C /* Release */,
			);
			defaultConfigurationIsVisible = 0;
			defaultConfigurationName = Release;
		};
		038AB3062363A347008EA02C /* Build configuration list for PBXNativeTarget "Bangla Quora Cringe" */ = {
			isa = XCConfigurationList;
			buildConfigurations = (
				038AB3072363A347008EA02C /* Debug */,
				038AB3082363A347008EA02C /* Release */,
			);
			defaultConfigurationIsVisible = 0;
			defaultConfigurationName = Release;
		};
/* End XCConfigurationList section */
	};
	rootObject = 038AB2EA2363A345008EA02C /* Project object */;
}
